
Microsoft Visual Studio Solution File, Format Version 12.00
# Visual Studio Version 17
VisualStudioVersion = 17.8.34309.116
MinimumVisualStudioVersion = 10.0.40219.1
Project("{8BC9CEB8-8B4A-11D0-8D11-00A0C91BC942}") = "Program", "Program.vcxproj", "{9A8085E0-706E-485A-8FCA-9E551F070723}"
EndProject
Project("{8BC9CEB8-8B4A-11D0-8D11-00A0C91BC942}") = "Class1th (Insert Sort)", "..\Class1th (Insert Sort)\Class1th (Insert Sort).vcxproj", "{B2B51E61-CEA7-417E-A3F6-72E1FA02425A}"
EndProject
Project("{8BC9CEB8-8B4A-11D0-8D11-00A0C91BC942}") = "Class2th (Counting Sort)", "..\Class2th (Counting Sort)\Class2th (Counting Sort).vcxproj", "{AB9383A3-0C7A-4072-9056-C3D71DB9B2DE}"
EndProject
Project("{8BC9CEB8-8B4A-11D0-8D11-00A0C91BC942}") = "Class3th (Two Pointers)", "..\Class3th (Two Pointers)\Class3th (Two Pointers).vcxproj", "{ADCF785F-ACB7-4AA9-9F78-C55E95064950}"
EndProject
Project("{8BC9CEB8-8B4A-11D0-8D11-00A0C91BC942}") = "Class4th (Binary Search)", "..\Class4th (Binary Search)\Class4th (Binary Search).vcxproj", "{F6D33BB4-864E-429F-BF9F-FC847C27499A}"
EndProject
Project("{8BC9CEB8-8B4A-11D0-8D11-00A0C91BC942}") = "Class5th (Dynamic Programming)", "..\Class5th (Dynamic Programming)\Class5th (Dynamic Programming).vcxproj", "{CE4E5D6A-81A8-4F0F-B3DD-3D1E661F71BA}"
EndProject
Project("{8BC9CEB8-8B4A-11D0-8D11-00A0C91BC942}") = "Class6th (Quick Sort)", "..\Class6th (Quick Sort)\Class6th (Quick Sort).vcxproj", "{10AA523F-F1E4-4BF6-88C2-04816212A94A}"
EndProject
Project("{8BC9CEB8-8B4A-11D0-8D11-00A0C91BC942}") = "Class7th (Depth First Search)", "..\Class7th (Depth First Search)\Class7th (Depth First Search).vcxproj", "{7B5B1CB0-833A-4C2A-B109-BC353D09ED86}"
EndProject
Project("{8BC9CEB8-8B4A-11D0-8D11-00A0C91BC942}") = "Class8th (Breadth First Search)", "..\Class8th (Breadth First Search)\Class8th (Breadth First Search).vcxproj", "{0D993147-CF14-4FE8-912A-2631B8B93794}"
EndProject
Project("{8BC9CEB8-8B4A-11D0-8D11-00A0C91BC942}") = "Class9th (Merge Sort)", "..\Class9th (Merge Sort)\Class9th (Merge Sort).vcxproj", "{20A6E624-ED9A-472B-81AC-0694B1D1BDF5}"
EndProject
Project("{8BC9CEB8-8B4A-11D0-8D11-00A0C91BC942}") = "Class10th (Union Find)", "..\Class10th (Union Find)\Class10th (Union Find).vcxproj", "{CF8C1E76-EA79-4313-B19D-E4A5AB421016}"
EndProject
Project("{8BC9CEB8-8B4A-11D0-8D11-00A0C91BC942}") = "Class11th (Kruskal Algorithm)", "..\Class11th (Kruskal Algorithm)\Class11th (Kruskal Algorithm).vcxproj", "{45235600-1C56-4F43-A3DE-D8E78B0D8B55}"
EndProject
Global
	GlobalSection(SolutionConfigurationPlatforms) = preSolution
		Debug|x64 = Debug|x64
		Debug|x86 = Debug|x86
		Release|x64 = Release|x64
		Release|x86 = Release|x86
	EndGlobalSection
	GlobalSection(ProjectConfigurationPlatforms) = postSolution
		{9A8085E0-706E-485A-8FCA-9E551F070723}.Debug|x64.ActiveCfg = Debug|x64
		{9A8085E0-706E-485A-8FCA-9E551F070723}.Debug|x64.Build.0 = Debug|x64
		{9A8085E0-706E-485A-8FCA-9E551F070723}.Debug|x86.ActiveCfg = Debug|Win32
		{9A8085E0-706E-485A-8FCA-9E551F070723}.Debug|x86.Build.0 = Debug|Win32
		{9A8085E0-706E-485A-8FCA-9E551F070723}.Release|x64.ActiveCfg = Release|x64
		{9A8085E0-706E-485A-8FCA-9E551F070723}.Release|x64.Build.0 = Release|x64
		{9A8085E0-706E-485A-8FCA-9E551F070723}.Release|x86.ActiveCfg = Release|Win32
		{9A8085E0-706E-485A-8FCA-9E551F070723}.Release|x86.Build.0 = Release|Win32
		{B2B51E61-CEA7-417E-A3F6-72E1FA02425A}.Debug|x64.ActiveCfg = Debug|x64
		{B2B51E61-CEA7-417E-A3F6-72E1FA02425A}.Debug|x64.Build.0 = Debug|x64
		{B2B51E61-CEA7-417E-A3F6-72E1FA02425A}.Debug|x86.ActiveCfg = Debug|Win32
		{B2B51E61-CEA7-417E-A3F6-72E1FA02425A}.Debug|x86.Build.0 = Debug|Win32
		{B2B51E61-CEA7-417E-A3F6-72E1FA02425A}.Release|x64.ActiveCfg = Release|x64
		{B2B51E61-CEA7-417E-A3F6-72E1FA02425A}.Release|x64.Build.0 = Release|x64
		{B2B51E61-CEA7-417E-A3F6-72E1FA02425A}.Release|x86.ActiveCfg = Release|Win32
		{B2B51E61-CEA7-417E-A3F6-72E1FA02425A}.Release|x86.Build.0 = Release|Win32
		{AB9383A3-0C7A-4072-9056-C3D71DB9B2DE}.Debug|x64.ActiveCfg = Debug|x64
		{AB9383A3-0C7A-4072-9056-C3D71DB9B2DE}.Debug|x64.Build.0 = Debug|x64
		{AB9383A3-0C7A-4072-9056-C3D71DB9B2DE}.Debug|x86.ActiveCfg = Debug|Win32
		{AB9383A3-0C7A-4072-9056-C3D71DB9B2DE}.Debug|x86.Build.0 = Debug|Win32
		{AB9383A3-0C7A-4072-9056-C3D71DB9B2DE}.Release|x64.ActiveCfg = Release|x64
		{AB9383A3-0C7A-4072-9056-C3D71DB9B2DE}.Release|x64.Build.0 = Release|x64
		{AB9383A3-0C7A-4072-9056-C3D71DB9B2DE}.Release|x86.ActiveCfg = Release|Win32
		{AB9383A3-0C7A-4072-9056-C3D71DB9B2DE}.Release|x86.Build.0 = Release|Win32
		{ADCF785F-ACB7-4AA9-9F78-C55E95064950}.Debug|x64.ActiveCfg = Debug|x64
		{ADCF785F-ACB7-4AA9-9F78-C55E95064950}.Debug|x64.Build.0 = Debug|x64
		{ADCF785F-ACB7-4AA9-9F78-C55E95064950}.Debug|x86.ActiveCfg = Debug|Win32
		{ADCF785F-ACB7-4AA9-9F78-C55E95064950}.Debug|x86.Build.0 = Debug|Win32
		{ADCF785F-ACB7-4AA9-9F78-C55E95064950}.Release|x64.ActiveCfg = Release|x64
		{ADCF785F-ACB7-4AA9-9F78-C55E95064950}.Release|x64.Build.0 = Release|x64
		{ADCF785F-ACB7-4AA9-9F78-C55E95064950}.Release|x86.ActiveCfg = Release|Win32
		{ADCF785F-ACB7-4AA9-9F78-C55E95064950}.Release|x86.Build.0 = Release|Win32
		{F6D33BB4-864E-429F-BF9F-FC847C27499A}.Debug|x64.ActiveCfg = Debug|x64
		{F6D33BB4-864E-429F-BF9F-FC847C27499A}.Debug|x64.Build.0 = Debug|x64
		{F6D33BB4-864E-429F-BF9F-FC847C27499A}.Debug|x86.ActiveCfg = Debug|Win32
		{F6D33BB4-864E-429F-BF9F-FC847C27499A}.Debug|x86.Build.0 = Debug|Win32
		{F6D33BB4-864E-429F-BF9F-FC847C27499A}.Release|x64.ActiveCfg = Release|x64
		{F6D33BB4-864E-429F-BF9F-FC847C27499A}.Release|x64.Build.0 = Release|x64
		{F6D33BB4-864E-429F-BF9F-FC847C27499A}.Release|x86.ActiveCfg = Release|Win32
		{F6D33BB4-864E-429F-BF9F-FC847C27499A}.Release|x86.Build.0 = Release|Win32
		{CE4E5D6A-81A8-4F0F-B3DD-3D1E661F71BA}.Debug|x64.ActiveCfg = Debug|x64
		{CE4E5D6A-81A8-4F0F-B3DD-3D1E661F71BA}.Debug|x64.Build.0 = Debug|x64
		{CE4E5D6A-81A8-4F0F-B3DD-3D1E661F71BA}.Debug|x86.ActiveCfg = Debug|Win32
		{CE4E5D6A-81A8-4F0F-B3DD-3D1E661F71BA}.Debug|x86.Build.0 = Debug|Win32
		{CE4E5D6A-81A8-4F0F-B3DD-3D1E661F71BA}.Release|x64.ActiveCfg = Release|x64
		{CE4E5D6A-81A8-4F0F-B3DD-3D1E661F71BA}.Release|x64.Build.0 = Release|x64
		{CE4E5D6A-81A8-4F0F-B3DD-3D1E661F71BA}.Release|x86.ActiveCfg = Release|Win32
		{CE4E5D6A-81A8-4F0F-B3DD-3D1E661F71BA}.Release|x86.Build.0 = Release|Win32
		{10AA523F-F1E4-4BF6-88C2-04816212A94A}.Debug|x64.ActiveCfg = Debug|x64
		{10AA523F-F1E4-4BF6-88C2-04816212A94A}.Debug|x64.Build.0 = Debug|x64
		{10AA523F-F1E4-4BF6-88C2-04816212A94A}.Debug|x86.ActiveCfg = Debug|Win32
		{10AA523F-F1E4-4BF6-88C2-04816212A94A}.Debug|x86.Build.0 = Debug|Win32
		{10AA523F-F1E4-4BF6-88C2-04816212A94A}.Release|x64.ActiveCfg = Release|x64
		{10AA523F-F1E4-4BF6-88C2-04816212A94A}.Release|x64.Build.0 = Release|x64
		{10AA523F-F1E4-4BF6-88C2-04816212A94A}.Release|x86.ActiveCfg = Release|Win32
		{10AA523F-F1E4-4BF6-88C2-04816212A94A}.Release|x86.Build.0 = Release|Win32
		{7B5B1CB0-833A-4C2A-B109-BC353D09ED86}.Debug|x64.ActiveCfg = Debug|x64
		{7B5B1CB0-833A-4C2A-B109-BC353D09ED86}.Debug|x64.Build.0 = Debug|x64
		{7B5B1CB0-833A-4C2A-B109-BC353D09ED86}.Debug|x86.ActiveCfg = Debug|Win32
		{7B5B1CB0-833A-4C2A-B109-BC353D09ED86}.Debug|x86.Build.0 = Debug|Win32
		{7B5B1CB0-833A-4C2A-B109-BC353D09ED86}.Release|x64.ActiveCfg = Release|x64
		{7B5B1CB0-833A-4C2A-B109-BC353D09ED86}.Release|x64.Build.0 = Release|x64
		{7B5B1CB0-833A-4C2A-B109-BC353D09ED86}.Release|x86.ActiveCfg = Release|Win32
		{7B5B1CB0-833A-4C2A-B109-BC353D09ED86}.Release|x86.Build.0 = Release|Win32
		{0D993147-CF14-4FE8-912A-2631B8B93794}.Debug|x64.ActiveCfg = Debug|x64
		{0D993147-CF14-4FE8-912A-2631B8B93794}.Debug|x64.Build.0 = Debug|x64
		{0D993147-CF14-4FE8-912A-2631B8B93794}.Debug|x86.ActiveCfg = Debug|Win32
		{0D993147-CF14-4FE8-912A-2631B8B93794}.Debug|x86.Build.0 = Debug|Win32
		{0D993147-CF14-4FE8-912A-2631B8B93794}.Release|x64.ActiveCfg = Release|x64
		{0D993147-CF14-4FE8-912A-2631B8B93794}.Release|x64.Build.0 = Release|x64
		{0D993147-CF14-4FE8-912A-2631B8B93794}.Release|x86.ActiveCfg = Release|Win32
		{0D993147-CF14-4FE8-912A-2631B8B93794}.Release|x86.Build.0 = Release|Win32
		{20A6E624-ED9A-472B-81AC-0694B1D1BDF5}.Debug|x64.ActiveCfg = Debug|x64
		{20A6E624-ED9A-472B-81AC-0694B1D1BDF5}.Debug|x64.Build.0 = Debug|x64
		{20A6E624-ED9A-472B-81AC-0694B1D1BDF5}.Debug|x86.ActiveCfg = Debug|Win32
		{20A6E624-ED9A-472B-81AC-0694B1D1BDF5}.Debug|x86.Build.0 = Debug|Win32
		{20A6E624-ED9A-472B-81AC-0694B1D1BDF5}.Release|x64.ActiveCfg = Release|x64
		{20A6E624-ED9A-472B-81AC-0694B1D1BDF5}.Release|x64.Build.0 = Release|x64
		{20A6E624-ED9A-472B-81AC-0694B1D1BDF5}.Release|x86.ActiveCfg = Release|Win32
		{20A6E624-ED9A-472B-81AC-0694B1D1BDF5}.Release|x86.Build.0 = Release|Win32
		{CF8C1E76-EA79-4313-B19D-E4A5AB421016}.Debug|x64.ActiveCfg = Debug|x64
		{CF8C1E76-EA79-4313-B19D-E4A5AB421016}.Debug|x64.Build.0 = Debug|x64
		{CF8C1E76-EA79-4313-B19D-E4A5AB421016}.Debug|x86.ActiveCfg = Debug|Win32
		{CF8C1E76-EA79-4313-B19D-E4A5AB421016}.Debug|x86.Build.0 = Debug|Win32
		{CF8C1E76-EA79-4313-B19D-E4A5AB421016}.Release|x64.ActiveCfg = Release|x64
		{CF8C1E76-EA79-4313-B19D-E4A5AB421016}.Release|x64.Build.0 = Release|x64
		{CF8C1E76-EA79-4313-B19D-E4A5AB421016}.Release|x86.ActiveCfg = Release|Win32
		{CF8C1E76-EA79-4313-B19D-E4A5AB421016}.Release|x86.Build.0 = Release|Win32
		{45235600-1C56-4F43-A3DE-D8E78B0D8B55}.Debug|x64.ActiveCfg = Debug|x64
		{45235600-1C56-4F43-A3DE-D8E78B0D8B55}.Debug|x64.Build.0 = Debug|x64
		{45235600-1C56-4F43-A3DE-D8E78B0D8B55}.Debug|x86.ActiveCfg = Debug|Win32
		{45235600-1C56-4F43-A3DE-D8E78B0D8B55}.Debug|x86.Build.0 = Debug|Win32
		{45235600-1C56-4F43-A3DE-D8E78B0D8B55}.Release|x64.ActiveCfg = Release|x64
		{45235600-1C56-4F43-A3DE-D8E78B0D8B55}.Release|x64.Build.0 = Release|x64
		{45235600-1C56-4F43-A3DE-D8E78B0D8B55}.Release|x86.ActiveCfg = Release|Win32
		{45235600-1C56-4F43-A3DE-D8E78B0D8B55}.Release|x86.Build.0 = Release|Win32
	EndGlobalSection
	GlobalSection(SolutionProperties) = preSolution
		HideSolutionNode = FALSE
	EndGlobalSection
	GlobalSection(ExtensibilityGlobals) = postSolution
		SolutionGuid = {A9729C11-E907-44C7-95C5-2E7D3D2F3FBF}
	EndGlobalSection
EndGlobal
